
Microsoft Visual Studio Solution File, Format Version 12.00
# Visual Studio Version 17
VisualStudioVersion = 17.10.35027.167
MinimumVisualStudioVersion = 10.0.40219.1
Project("{FAE04EC0-301F-11D3-BF4B-00C04F79EFBC}") = "ABC", "ABC\ABC.csproj", "{AFEB1E53-902B-4522-9AFE-6861F0530573}"
EndProject
Project("{2150E333-8FDC-42A3-9474-1A3956D46DE8}") = "Solution Items", "Solution Items", "{C69A7A72-86EF-4BEF-95D6-4FC36009ABB6}"
	ProjectSection(SolutionItems) = preProject
		.gitignore = .gitignore
	EndProjectSection
EndProject
Global
	GlobalSection(SolutionConfigurationPlatforms) = preSolution
		Debug|Any CPU = Debug|Any CPU
		Release|Any CPU = Release|Any CPU
	EndGlobalSection
	GlobalSection(ProjectConfigurationPlatforms) = postSolution
		{AFEB1E53-902B-4522-9AFE-6861F0530573}.Debug|Any CPU.ActiveCfg = Debug|Any CPU
		{AFEB1E53-902B-4522-9AFE-6861F0530573}.Debug|Any CPU.Build.0 = Debug|Any CPU
		{AFEB1E53-902B-4522-9AFE-6861F0530573}.Release|Any CPU.ActiveCfg = Release|Any CPU
		{AFEB1E53-902B-4522-9AFE-6861F0530573}.Release|Any CPU.Build.0 = Release|Any CPU
	EndGlobalSection
	GlobalSection(SolutionProperties) = preSolution
		HideSolutionNode = FALSE
	EndGlobalSection
	GlobalSection(ExtensibilityGlobals) = postSolution
		SolutionGuid = {BFAB3C1E-4A5F-4BD8-AC90-D277125D9348}
	EndGlobalSection
EndGlobal
